{
  "name": "@micka33/pi-npm-version-release-skill",
  "version": "0.1.0",
  "lockfileVersion": 3,
  "requires": true,
  "packages": {
    "": {
      "name": "@micka33/pi-npm-version-release-skill",
      "version": "0.1.0",
      "bin": {
        "pi-add-release-workflow": "scripts/add-release-workflow.mjs"
      }
    }
  }
}
